
Microsoft Visual Studio Solution File, Format Version 12.00
# Visual Studio Version 17
VisualStudioVersion = 17.13.35919.96
MinimumVisualStudioVersion = 10.0.40219.1
Project("{FAE04EC0-301F-11D3-BF4B-00C04F79EFBC}") = "Poc.BoardK8sApi", "Poc.BoardK8sApi\Poc.BoardK8sApi.csproj", "{253925A7-5239-4282-8FFC-B868793E06E3}"
EndProject
Global
	GlobalSection(SolutionConfigurationPlatforms) = preSolution
		Debug|Any CPU = Debug|Any CPU
		Release|Any CPU = Release|Any CPU
	EndGlobalSection
	GlobalSection(ProjectConfigurationPlatforms) = postSolution
		{253925A7-5239-4282-8FFC-B868793E06E3}.Debug|Any CPU.ActiveCfg = Debug|Any CPU
		{253925A7-5239-4282-8FFC-B868793E06E3}.Debug|Any CPU.Build.0 = Debug|Any CPU
		{253925A7-5239-4282-8FFC-B868793E06E3}.Release|Any CPU.ActiveCfg = Release|Any CPU
		{253925A7-5239-4282-8FFC-B868793E06E3}.Release|Any CPU.Build.0 = Release|Any CPU
	EndGlobalSection
	GlobalSection(SolutionProperties) = preSolution
		HideSolutionNode = FALSE
	EndGlobalSection
	GlobalSection(ExtensibilityGlobals) = postSolution
		SolutionGuid = {E67BDC5D-E367-4304-A1A7-88273D4FD218}
	EndGlobalSection
EndGlobal
