
Microsoft Visual Studio Solution File, Format Version 12.00
# Visual Studio Version 17
VisualStudioVersion = 17.13.35919.96
MinimumVisualStudioVersion = 10.0.40219.1
Project("{FAE04EC0-301F-11D3-BF4B-00C04F79EFBC}") = "Poc.MonitorK8sPod.Worker", "Poc.MonitorK8sPod.Worker\Poc.MonitorK8sPod.Worker.csproj", "{1A6DE732-C2CE-4786-B380-F6A1B9020BA1}"
EndProject
Project("{FAE04EC0-301F-11D3-BF4B-00C04F79EFBC}") = "Poc.MonitorK8sPod.Application", "Poc.MonitorK8sPod.Application\Poc.MonitorK8sPod.Application.csproj", "{B6758AC7-D9B6-494E-8FCD-1B8D2C0015E6}"
EndProject
Project("{FAE04EC0-301F-11D3-BF4B-00C04F79EFBC}") = "Poc.MonitorK8sPod.Domain", "Poc.MonitorK8sPod.Domain\Poc.MonitorK8sPod.Domain.csproj", "{C5B24E7A-53FF-4E09-A3D0-2BCC2A80F616}"
EndProject
Project("{FAE04EC0-301F-11D3-BF4B-00C04F79EFBC}") = "Poc.MonitorK8sPod.Infra", "Poc.MonitorK8sPod.Infra\Poc.MonitorK8sPod.Infra.csproj", "{1A81A172-D7CF-43A4-A373-F896CBAC50A6}"
EndProject
Project("{FAE04EC0-301F-11D3-BF4B-00C04F79EFBC}") = "Poc.MonitorK8sPod.Shared", "Poc.MonitorK8sPod.Shared\Poc.MonitorK8sPod.Shared.csproj", "{D1B939CB-F8F1-49EA-AD27-D936F201A75D}"
EndProject
Project("{2150E333-8FDC-42A3-9474-1A3956D46DE8}") = "1 - Worker", "1 - Worker", "{02EA681E-C7D8-13C7-8484-4AC65E1B71E8}"
EndProject
Project("{2150E333-8FDC-42A3-9474-1A3956D46DE8}") = "1 - Application", "1 - Application", "{BB7D6FEC-A1E5-4E1A-B37A-CCEEB0FA2898}"
EndProject
Project("{2150E333-8FDC-42A3-9474-1A3956D46DE8}") = "2 - Domain", "2 - Domain", "{1794E5A0-E9EB-42B6-AE2B-1FC22182C595}"
EndProject
Project("{2150E333-8FDC-42A3-9474-1A3956D46DE8}") = "2 - Infra", "2 - Infra", "{622A95CA-A57F-450A-AF59-E597E4FAEE50}"
EndProject
Project("{2150E333-8FDC-42A3-9474-1A3956D46DE8}") = "Core", "Core", "{3E613A54-D1BA-4B76-8477-2422D2E63E21}"
EndProject
Project("{2150E333-8FDC-42A3-9474-1A3956D46DE8}") = "External", "External", "{0AF98EDF-35F1-40AF-9D56-3FFAA138891C}"
EndProject
Project("{2150E333-8FDC-42A3-9474-1A3956D46DE8}") = "3 - Shared", "3 - Shared", "{E0593846-2310-40DE-9581-7ED3DC86DDCD}"
EndProject
Project("{FAE04EC0-301F-11D3-BF4B-00C04F79EFBC}") = "Poc.MonitorK8sPod.IoC", "Poc.MonitorK8sPod.IoC\Poc.MonitorK8sPod.IoC.csproj", "{FD2CA528-6983-A72F-DAED-04725A896CC8}"
EndProject
Global
	GlobalSection(SolutionConfigurationPlatforms) = preSolution
		Debug|Any CPU = Debug|Any CPU
		Release|Any CPU = Release|Any CPU
	EndGlobalSection
	GlobalSection(ProjectConfigurationPlatforms) = postSolution
		{1A6DE732-C2CE-4786-B380-F6A1B9020BA1}.Debug|Any CPU.ActiveCfg = Debug|Any CPU
		{1A6DE732-C2CE-4786-B380-F6A1B9020BA1}.Debug|Any CPU.Build.0 = Debug|Any CPU
		{1A6DE732-C2CE-4786-B380-F6A1B9020BA1}.Release|Any CPU.ActiveCfg = Release|Any CPU
		{1A6DE732-C2CE-4786-B380-F6A1B9020BA1}.Release|Any CPU.Build.0 = Release|Any CPU
		{B6758AC7-D9B6-494E-8FCD-1B8D2C0015E6}.Debug|Any CPU.ActiveCfg = Debug|Any CPU
		{B6758AC7-D9B6-494E-8FCD-1B8D2C0015E6}.Debug|Any CPU.Build.0 = Debug|Any CPU
		{B6758AC7-D9B6-494E-8FCD-1B8D2C0015E6}.Release|Any CPU.ActiveCfg = Release|Any CPU
		{B6758AC7-D9B6-494E-8FCD-1B8D2C0015E6}.Release|Any CPU.Build.0 = Release|Any CPU
		{C5B24E7A-53FF-4E09-A3D0-2BCC2A80F616}.Debug|Any CPU.ActiveCfg = Debug|Any CPU
		{C5B24E7A-53FF-4E09-A3D0-2BCC2A80F616}.Debug|Any CPU.Build.0 = Debug|Any CPU
		{C5B24E7A-53FF-4E09-A3D0-2BCC2A80F616}.Release|Any CPU.ActiveCfg = Release|Any CPU
		{C5B24E7A-53FF-4E09-A3D0-2BCC2A80F616}.Release|Any CPU.Build.0 = Release|Any CPU
		{1A81A172-D7CF-43A4-A373-F896CBAC50A6}.Debug|Any CPU.ActiveCfg = Debug|Any CPU
		{1A81A172-D7CF-43A4-A373-F896CBAC50A6}.Debug|Any CPU.Build.0 = Debug|Any CPU
		{1A81A172-D7CF-43A4-A373-F896CBAC50A6}.Release|Any CPU.ActiveCfg = Release|Any CPU
		{1A81A172-D7CF-43A4-A373-F896CBAC50A6}.Release|Any CPU.Build.0 = Release|Any CPU
		{D1B939CB-F8F1-49EA-AD27-D936F201A75D}.Debug|Any CPU.ActiveCfg = Debug|Any CPU
		{D1B939CB-F8F1-49EA-AD27-D936F201A75D}.Debug|Any CPU.Build.0 = Debug|Any CPU
		{D1B939CB-F8F1-49EA-AD27-D936F201A75D}.Release|Any CPU.ActiveCfg = Release|Any CPU
		{D1B939CB-F8F1-49EA-AD27-D936F201A75D}.Release|Any CPU.Build.0 = Release|Any CPU
		{FD2CA528-6983-A72F-DAED-04725A896CC8}.Debug|Any CPU.ActiveCfg = Debug|Any CPU
		{FD2CA528-6983-A72F-DAED-04725A896CC8}.Debug|Any CPU.Build.0 = Debug|Any CPU
		{FD2CA528-6983-A72F-DAED-04725A896CC8}.Release|Any CPU.ActiveCfg = Release|Any CPU
		{FD2CA528-6983-A72F-DAED-04725A896CC8}.Release|Any CPU.Build.0 = Release|Any CPU
	EndGlobalSection
	GlobalSection(SolutionProperties) = preSolution
		HideSolutionNode = FALSE
	EndGlobalSection
	GlobalSection(NestedProjects) = preSolution
		{1A6DE732-C2CE-4786-B380-F6A1B9020BA1} = {02EA681E-C7D8-13C7-8484-4AC65E1B71E8}
		{B6758AC7-D9B6-494E-8FCD-1B8D2C0015E6} = {BB7D6FEC-A1E5-4E1A-B37A-CCEEB0FA2898}
		{C5B24E7A-53FF-4E09-A3D0-2BCC2A80F616} = {1794E5A0-E9EB-42B6-AE2B-1FC22182C595}
		{1A81A172-D7CF-43A4-A373-F896CBAC50A6} = {622A95CA-A57F-450A-AF59-E597E4FAEE50}
		{D1B939CB-F8F1-49EA-AD27-D936F201A75D} = {E0593846-2310-40DE-9581-7ED3DC86DDCD}
		{02EA681E-C7D8-13C7-8484-4AC65E1B71E8} = {0AF98EDF-35F1-40AF-9D56-3FFAA138891C}
		{BB7D6FEC-A1E5-4E1A-B37A-CCEEB0FA2898} = {3E613A54-D1BA-4B76-8477-2422D2E63E21}
		{1794E5A0-E9EB-42B6-AE2B-1FC22182C595} = {3E613A54-D1BA-4B76-8477-2422D2E63E21}
		{622A95CA-A57F-450A-AF59-E597E4FAEE50} = {0AF98EDF-35F1-40AF-9D56-3FFAA138891C}
		{E0593846-2310-40DE-9581-7ED3DC86DDCD} = {3E613A54-D1BA-4B76-8477-2422D2E63E21}
		{FD2CA528-6983-A72F-DAED-04725A896CC8} = {622A95CA-A57F-450A-AF59-E597E4FAEE50}
	EndGlobalSection
	GlobalSection(ExtensibilityGlobals) = postSolution
		SolutionGuid = {A772B241-497C-4D11-B096-6513DEB80D84}
	EndGlobalSection
EndGlobal
